
Microsoft Visual Studio Solution File, Format Version 12.00
# Visual Studio Version 17
VisualStudioVersion = 17.1.32421.90
MinimumVisualStudioVersion = 10.0.40219.1
Project("{FAE04EC0-301F-11D3-BF4B-00C04F79EFBC}") = "TreePorts.Server", "TreePorts.Server\TreePorts.Server.csproj", "{97636A3B-3BA2-4654-B0F3-2909F32C7BE0}"
EndProject
Project("{FAE04EC0-301F-11D3-BF4B-00C04F79EFBC}") = "TreePorts.ServerPages", "TreePorts.ServerPages\TreePorts.ServerPages.csproj", "{8C716C28-EE0D-4927-956F-B94761740115}"
EndProject
Global
	GlobalSection(SolutionConfigurationPlatforms) = preSolution
		Debug|Any CPU = Debug|Any CPU
		Release|Any CPU = Release|Any CPU
	EndGlobalSection
	GlobalSection(ProjectConfigurationPlatforms) = postSolution
		{97636A3B-3BA2-4654-B0F3-2909F32C7BE0}.Debug|Any CPU.ActiveCfg = Debug|Any CPU
		{97636A3B-3BA2-4654-B0F3-2909F32C7BE0}.Debug|Any CPU.Build.0 = Debug|Any CPU
		{97636A3B-3BA2-4654-B0F3-2909F32C7BE0}.Release|Any CPU.ActiveCfg = Release|Any CPU
		{97636A3B-3BA2-4654-B0F3-2909F32C7BE0}.Release|Any CPU.Build.0 = Release|Any CPU
		{8C716C28-EE0D-4927-956F-B94761740115}.Debug|Any CPU.ActiveCfg = Debug|Any CPU
		{8C716C28-EE0D-4927-956F-B94761740115}.Debug|Any CPU.Build.0 = Debug|Any CPU
		{8C716C28-EE0D-4927-956F-B94761740115}.Release|Any CPU.ActiveCfg = Release|Any CPU
		{8C716C28-EE0D-4927-956F-B94761740115}.Release|Any CPU.Build.0 = Release|Any CPU
	EndGlobalSection
	GlobalSection(SolutionProperties) = preSolution
		HideSolutionNode = FALSE
	EndGlobalSection
	GlobalSection(ExtensibilityGlobals) = postSolution
		SolutionGuid = {ADF55A3F-9D22-4726-83B0-D246393F440C}
	EndGlobalSection
EndGlobal
